
Microsoft Visual Studio Solution File, Format Version 12.00
# Visual Studio 2012
Project("{FAE04EC0-301F-11D3-BF4B-00C04F79EFBC}") = "Azure_v02", "Azure_v02\Azure_v02.csproj", "{DA1DA83E-20A6-42E4-A1E7-CC3DE54F6A5A}"
EndProject
Global
	GlobalSection(SolutionConfigurationPlatforms) = preSolution
		Debug|iPhoneSimulator = Debug|iPhoneSimulator
		Release|iPhoneSimulator = Release|iPhoneSimulator
		Debug|iPhone = Debug|iPhone
		Release|iPhone = Release|iPhone
		Ad-Hoc|iPhone = Ad-Hoc|iPhone
		AppStore|iPhone = AppStore|iPhone
	EndGlobalSection
	GlobalSection(ProjectConfigurationPlatforms) = postSolution
		{DA1DA83E-20A6-42E4-A1E7-CC3DE54F6A5A}.Ad-Hoc|iPhone.ActiveCfg = Ad-Hoc|iPhone
		{DA1DA83E-20A6-42E4-A1E7-CC3DE54F6A5A}.Ad-Hoc|iPhone.Build.0 = Ad-Hoc|iPhone
		{DA1DA83E-20A6-42E4-A1E7-CC3DE54F6A5A}.AppStore|iPhone.ActiveCfg = AppStore|iPhone
		{DA1DA83E-20A6-42E4-A1E7-CC3DE54F6A5A}.AppStore|iPhone.Build.0 = AppStore|iPhone
		{DA1DA83E-20A6-42E4-A1E7-CC3DE54F6A5A}.Debug|iPhone.ActiveCfg = Debug|iPhone
		{DA1DA83E-20A6-42E4-A1E7-CC3DE54F6A5A}.Debug|iPhone.Build.0 = Debug|iPhone
		{DA1DA83E-20A6-42E4-A1E7-CC3DE54F6A5A}.Debug|iPhoneSimulator.ActiveCfg = Debug|iPhoneSimulator
		{DA1DA83E-20A6-42E4-A1E7-CC3DE54F6A5A}.Debug|iPhoneSimulator.Build.0 = Debug|iPhoneSimulator
		{DA1DA83E-20A6-42E4-A1E7-CC3DE54F6A5A}.Release|iPhone.ActiveCfg = Release|iPhone
		{DA1DA83E-20A6-42E4-A1E7-CC3DE54F6A5A}.Release|iPhone.Build.0 = Release|iPhone
		{DA1DA83E-20A6-42E4-A1E7-CC3DE54F6A5A}.Release|iPhoneSimulator.ActiveCfg = Release|iPhoneSimulator
		{DA1DA83E-20A6-42E4-A1E7-CC3DE54F6A5A}.Release|iPhoneSimulator.Build.0 = Release|iPhoneSimulator
	EndGlobalSection
EndGlobal
